<?xml version="1.0" encoding="utf-8"?>
<Project ToolsVersion="4.0" xmlns="http://schemas.microsoft.com/developer/msbuild/2003">
  <ItemGroup>
    <Filter Include="소스 파일">
      <UniqueIdentifier>{4FC737F1-C7A5-4376-A066-2A32D752A2FF}</UniqueIdentifier>
      <Extensions>cpp;c;cc;cxx;c++;cppm;ixx;def;odl;idl;hpj;bat;asm;asmx</Extensions>
    </Filter>
    <Filter Include="헤더 파일">
      <UniqueIdentifier>{93995380-89BD-4b04-88EB-625FBE52EBFB}</UniqueIdentifier>
      <Extensions>h;hh;hpp;hxx;h++;hm;inl;inc;ipp;xsd</Extensions>
    </Filter>
    <Filter Include="리소스 파일">
      <UniqueIdentifier>{67DA6AB6-F800-4c08-8B7A-83BB121AAD01}</UniqueIdentifier>
      <Extensions>rc;ico;cur;bmp;dlg;rc2;rct;bin;rgs;gif;jpg;jpeg;jpe;resx;tiff;tif;png;wav;mfcribbon-ms</Extensions>
    </Filter>
  </ItemGroup>
  <ItemGroup>
    <ClInclude Include="Resource.h">
      <Filter>헤더 파일</Filter>
    </ClInclude>
    <ClInclude Include="Old_Dream.h">
      <Filter>헤더 파일</Filter>
    </ClInclude>
    <ClInclude Include="memo.h">
      <Filter>헤더 파일</Filter>
    </ClInclude>
    <ClInclude Include="game\Player.h">
      <Filter>헤더 파일</Filter>
    </ClInclude>
    <ClInclude Include="game\BackGround.h">
      <Filter>헤더 파일</Filter>
    </ClInclude>
    <ClInclude Include="game\MainMenu.h">
      <Filter>헤더 파일</Filter>
    </ClInclude>
    <ClInclude Include="game\Monster.h">
      <Filter>헤더 파일</Filter>
    </ClInclude>
    <ClInclude Include="game\Weapon.h">
      <Filter>헤더 파일</Filter>
    </ClInclude>
    <ClInclude Include="game\Interface.h">
      <Filter>헤더 파일</Filter>
    </ClInclude>
    <ClInclude Include="game\GameManager.h">
      <Filter>헤더 파일</Filter>
    </ClInclude>
    <ClInclude Include="game\Scene.h">
      <Filter>헤더 파일</Filter>
    </ClInclude>
    <ClInclude Include="game\Map.h">
      <Filter>헤더 파일</Filter>
    </ClInclude>
    <ClInclude Include="game\Effect.h">
      <Filter>헤더 파일</Filter>
    </ClInclude>
    <ClInclude Include="game\Game.h">
      <Filter>헤더 파일</Filter>
    </ClInclude>
    <ClInclude Include="game\Item.h">
      <Filter>헤더 파일</Filter>
    </ClInclude>
    <ClInclude Include="std\iUtil.h">
      <Filter>헤더 파일</Filter>
    </ClInclude>
    <ClInclude Include="std\iArray.h">
      <Filter>헤더 파일</Filter>
    </ClInclude>
    <ClInclude Include="std\iColor.h">
      <Filter>헤더 파일</Filter>
    </ClInclude>
    <ClInclude Include="std\iCommon.h">
      <Filter>헤더 파일</Filter>
    </ClInclude>
    <ClInclude Include="std\iImage.h">
      <Filter>헤더 파일</Filter>
    </ClInclude>
    <ClInclude Include="std\iParticleSystem.h">
      <Filter>헤더 파일</Filter>
    </ClInclude>
    <ClInclude Include="std\iPoint.h">
      <Filter>헤더 파일</Filter>
    </ClInclude>
    <ClInclude Include="std\iPopup.h">
      <Filter>헤더 파일</Filter>
    </ClInclude>
    <ClInclude Include="std\iRect.h">
      <Filter>헤더 파일</Filter>
    </ClInclude>
    <ClInclude Include="std\iSize.h">
      <Filter>헤더 파일</Filter>
    </ClInclude>
    <ClInclude Include="std\iSort.h">
      <Filter>헤더 파일</Filter>
    </ClInclude>
    <ClInclude Include="std\iStd.h">
      <Filter>헤더 파일</Filter>
    </ClInclude>
    <ClInclude Include="std\iString.h">
      <Filter>헤더 파일</Filter>
    </ClInclude>
    <ClInclude Include="iWindow.h">
      <Filter>헤더 파일</Filter>
    </ClInclude>
    <ClInclude Include="std\iGraphics.h">
      <Filter>헤더 파일</Filter>
    </ClInclude>
    <ClInclude Include="std\iStrTex.h">
      <Filter>헤더 파일</Filter>
    </ClInclude>
    <ClInclude Include="game\ODObject.h">
      <Filter>헤더 파일</Filter>
    </ClInclude>
    <ClInclude Include="game\Bullet.h">
      <Filter>헤더 파일</Filter>
    </ClInclude>
    <ClInclude Include="game\Spritetool.h">
      <Filter>헤더 파일</Filter>
    </ClInclude>
    <ClInclude Include="std\iOpenAL.h">
      <Filter>헤더 파일</Filter>
    </ClInclude>
  </ItemGroup>
  <ItemGroup>
    <ClCompile Include="Old_Dream.cpp">
      <Filter>소스 파일</Filter>
    </ClCompile>
    <ClCompile Include="std\iArray.cpp">
      <Filter>소스 파일</Filter>
    </ClCompile>
    <ClCompile Include="std\iColor.cpp">
      <Filter>소스 파일</Filter>
    </ClCompile>
    <ClCompile Include="std\iImage.cpp">
      <Filter>소스 파일</Filter>
    </ClCompile>
    <ClCompile Include="std\iParticleSystem.cpp">
      <Filter>소스 파일</Filter>
    </ClCompile>
    <ClCompile Include="std\iPoint.cpp">
      <Filter>소스 파일</Filter>
    </ClCompile>
    <ClCompile Include="std\iPopup.cpp">
      <Filter>소스 파일</Filter>
    </ClCompile>
    <ClCompile Include="std\iRect.cpp">
      <Filter>소스 파일</Filter>
    </ClCompile>
    <ClCompile Include="std\iSize.cpp">
      <Filter>소스 파일</Filter>
    </ClCompile>
    <ClCompile Include="std\iSort.cpp">
      <Filter>소스 파일</Filter>
    </ClCompile>
    <ClCompile Include="std\iStd.cpp">
      <Filter>소스 파일</Filter>
    </ClCompile>
    <ClCompile Include="std\iString.cpp">
      <Filter>소스 파일</Filter>
    </ClCompile>
    <ClCompile Include="std\iUtil.cpp">
      <Filter>소스 파일</Filter>
    </ClCompile>
    <ClCompile Include="iWindow.cpp">
      <Filter>소스 파일</Filter>
    </ClCompile>
    <ClCompile Include="game\Game.cpp">
      <Filter>소스 파일</Filter>
    </ClCompile>
    <ClCompile Include="game\Scene.cpp">
      <Filter>소스 파일</Filter>
    </ClCompile>
    <ClCompile Include="game\MainMenu.cpp">
      <Filter>소스 파일</Filter>
    </ClCompile>
    <ClCompile Include="game\GameManager.cpp">
      <Filter>소스 파일</Filter>
    </ClCompile>
    <ClCompile Include="game\BackGround.cpp">
      <Filter>소스 파일</Filter>
    </ClCompile>
    <ClCompile Include="game\Player.cpp">
      <Filter>소스 파일</Filter>
    </ClCompile>
    <ClCompile Include="game\Monster.cpp">
      <Filter>소스 파일</Filter>
    </ClCompile>
    <ClCompile Include="game\Weapon.cpp">
      <Filter>소스 파일</Filter>
    </ClCompile>
    <ClCompile Include="game\Interface.cpp">
      <Filter>소스 파일</Filter>
    </ClCompile>
    <ClCompile Include="glew.c">
      <Filter>소스 파일</Filter>
    </ClCompile>
    <ClCompile Include="std\iGraphics.cpp">
      <Filter>소스 파일</Filter>
    </ClCompile>
    <ClCompile Include="std\iStrTex.cpp">
      <Filter>소스 파일</Filter>
    </ClCompile>
    <ClCompile Include="game\ODObject.cpp">
      <Filter>소스 파일</Filter>
    </ClCompile>
    <ClCompile Include="game\Effect.cpp">
      <Filter>소스 파일</Filter>
    </ClCompile>
    <ClCompile Include="game\Bullet.cpp">
      <Filter>소스 파일</Filter>
    </ClCompile>
    <ClCompile Include="game\Spritetool.cpp">
      <Filter>소스 파일</Filter>
    </ClCompile>
    <ClCompile Include="game\Map.cpp">
      <Filter>소스 파일</Filter>
    </ClCompile>
    <ClCompile Include="game\Item.cpp">
      <Filter>소스 파일</Filter>
    </ClCompile>
    <ClCompile Include="std\iOpenAL.cpp">
      <Filter>소스 파일</Filter>
    </ClCompile>
  </ItemGroup>
  <ItemGroup>
    <ResourceCompile Include="Old_Dream.rc">
      <Filter>리소스 파일</Filter>
    </ResourceCompile>
  </ItemGroup>
  <ItemGroup>
    <Image Include="small.ico">
      <Filter>리소스 파일</Filter>
    </Image>
    <Image Include="Old_Dream.ico">
      <Filter>리소스 파일</Filter>
    </Image>
  </ItemGroup>
</Project>